{
  "name": "react-xarrows-examples",
  "version": "npm:react-xarrows-examples@",
  "lockfileVersion": 2,
  "requires": true,
  "extraneous": true,
  "packages": {
    "": {
      "name": "react-xarrows-examples",
      "extraneous": true,
      "dependencies": {
        "material-icons-react": "^1.0.4",
        "react": "file:..\\node_modules\\react",
        "react-collapsible": "^2.8.3",
        "react-dom": "^16.12.0",
        "react-draggable": "^4.4.2",
        "react-numeric-input": "^2.2.3",
        "react-router-dom": "^5.1.2",
        "react-scripts": "^4.0.1",
        "react-xarrows": "^1.5.2",
        "react-zoom-pan-pinch": "^1.6.1",
        "reactjs-popup": "^1.5.0"
      },
      "devDependencies": {
        "@babel/core": "^7.11.6",
        "@babel/plugin-transform-react-jsx": "^7.12.12",
        "@babel/preset-env": "^7.11.5"
      }
    }
  }
}
